{
  "version": 4,
  "terraform_version": "1.7.4",
  "serial": 1277,
  "lineage": "7aaed971-27dd-7fac-7e35-37028a4c751a",
  "outputs": {},
  "resources": [
    {
      "mode": "managed",
      "type": "aws_eks_cluster",
      "name": "eks_cluster",
      "provider": "provider[\"registry.terraform.io/hashicorp/aws\"]",
      "instances": [
        {
          "schema_version": 0,
          "attributes": {
            "access_config": [
              {
                "authentication_mode": "CONFIG_MAP",
                "bootstrap_cluster_creator_admin_permissions": false
              }
            ],
            "arn": "arn:aws:eks:us-west-1:881329308612:cluster/eks_cluster",
            "certificate_authority": [
              {
                "data": "LS0tLS1CRUdJTiBDRVJUSUZJQ0FURS0tLS0tCk1JSURCVENDQWUyZ0F3SUJBZ0lJUzlLaWZkVUFHa013RFFZSktvWklodmNOQVFFTEJRQXdGVEVUTUJFR0ExVUUKQXhNS2EzVmlaWEp1WlhSbGN6QWVGdzB5TkRBM01qTXhNakl4TVRGYUZ3MHpOREEzTWpFeE1qSTJNVEZhTUJVeApFekFSQmdOVkJBTVRDbXQxWW1WeWJtVjBaWE13Z2dFaU1BMEdDU3FHU0liM0RRRUJBUVVBQTRJQkR3QXdnZ0VLCkFvSUJBUURwcE9HeHVHMytFT0J0YkExbHNMT0tUVVBKejlSRmdvQWxRYnUyZzdOMkhGUitkbHhtcDlIVlJWUzcKbElOQnppc2p3ZkhUNUxiRytnT2I0ZjRLK1dVcStDMDJQTUNORWdyYWtCOTMxeTZDK2dQeWNsalFEaFpXUG1FRApualA2TWhmSFdSWmNkOHRUU0l2aU1lekw3WGRXWlZ2QjZWVVN1RUhSYmt6ZTBoZnlVWFNVazd1Vi9sRlFrZGhUClhUbmtwTkVnOXQ3T0dGalBUQTN3MXUxWjRSRDhCQnU1aG9YaTVJYmxWZEQ2QWhwd0hoWG9MZm5pLzc1bndQQ3gKZXdxcE1iVStNdW1ua09IbDdaMHFOaUZ0dFliTUxWeVVoVTZxV3FSOTNkckMvbjVPMTNzVnNXcGNHQ1ZqL3VOdQpXa0IvalpjTVNSM1ovWVpiWkp3RXhIckQyTzFyQWdNQkFBR2pXVEJYTUE0R0ExVWREd0VCL3dRRUF3SUNwREFQCkJnTlZIUk1CQWY4RUJUQURBUUgvTUIwR0ExVWREZ1FXQkJRc1g0UmFBTEVqNDI2emRGNkRzelBXcG5mRERUQVYKQmdOVkhSRUVEakFNZ2dwcmRXSmxjbTVsZEdWek1BMEdDU3FHU0liM0RRRUJDd1VBQTRJQkFRQTVKdFFSK0ZnZApUVEs3R3dwTmt5U3FyVUdYc3BQd2lMWnV0N1VCejZZKzFqQnZZcmRvSlNpNlpTV05KUlNGME9oeGRVTkIrZjVGCkFyNUFDaE5jM0JEaHpqcmcvZUdhdk1nN0xNNVVaT1VqSTlybVpwRy9NRjlLcGdhRXZBQ1pVS1RyZkthT0U4TkcKOGl5ekRrbFFoUC9weEZ4dW9sZHUvSnRwYmFxZFFaSlJxNFRoUDBJMGZpTGpQMVpzVGNXN0pEdGJBNHh1RHFNMQpQazMwV3pKeFVrNlg0Q2pRRXk4OGNsTVl1ZTBqNUFkeHFjRlloN2lpNjJJS0pWbGlURFhCR21QbWxYRkY5TEY4Cld3WEozWWcybkI3OEJ2UFhMeWZtNDg0SmwyZCtqRldYSm1YbjNES21JUHN5TVEzZGo3R1d2Qmo0MUZkRDZvekMKTXlsalQ5OVpFb0JUCi0tLS0tRU5EIENFUlRJRklDQVRFLS0tLS0K"
              }
            ],
            "cluster_id": null,
            "created_at": "2024-07-23 12:21:56.386 +0000 UTC",
            "enabled_cluster_log_types": null,
            "encryption_config": [],
            "endpoint": "https://9A59F574D2B03DECCC278E51548C86B6.sk1.us-west-1.eks.amazonaws.com",
            "id": "eks_cluster",
            "identity": [
              {
                "oidc": [
                  {
                    "issuer": "https://oidc.eks.us-west-1.amazonaws.com/id/9A59F574D2B03DECCC278E51548C86B6"
                  }
                ]
              }
            ],
            "kubernetes_network_config": [
              {
                "ip_family": "ipv4",
                "service_ipv4_cidr": "172.20.0.0/16",
                "service_ipv6_cidr": ""
              }
            ],
            "name": "eks_cluster",
            "outpost_config": [],
            "platform_version": "eks.5",
            "role_arn": "arn:aws:iam::881329308612:role/ddjoricEKSClusterRole",
            "status": "ACTIVE",
            "tags": null,
            "tags_all": {},
            "timeouts": null,
            "version": "1.30",
            "vpc_config": [
              {
                "cluster_security_group_id": "sg-05e00603c999914fa",
                "endpoint_private_access": false,
                "endpoint_public_access": true,
                "public_access_cidrs": [
                  "0.0.0.0/0"
                ],
                "security_group_ids": null,
                "subnet_ids": [
                  "subnet-058e637a09ae2ebf2",
                  "subnet-082bafb97c8bcc141"
                ],
                "vpc_id": "vpc-07fb72ab50cd4660f"
              }
            ]
          },
          "sensitive_attributes": [],
          "private": "eyJlMmJmYjczMC1lY2FhLTExZTYtOGY4OC0zNDM2M2JjN2M0YzAiOnsiY3JlYXRlIjoxODAwMDAwMDAwMDAwLCJkZWxldGUiOjkwMDAwMDAwMDAwMCwidXBkYXRlIjozNjAwMDAwMDAwMDAwfX0=",
          "dependencies": [
            "aws_subnet.eks_subnet_a",
            "aws_subnet.eks_subnet_b",
            "aws_vpc.main"
          ]
        }
      ]
    },
    {
      "mode": "managed",
      "type": "aws_eks_node_group",
      "name": "eks_node_group",
      "provider": "provider[\"registry.terraform.io/hashicorp/aws\"]",
      "instances": [
        {
          "schema_version": 0,
          "attributes": {
            "ami_type": "AL2023_x86_64_STANDARD",
            "arn": "arn:aws:eks:us-west-1:881329308612:nodegroup/eks_cluster/my-eks-node-group/ccc86fc8-63b4-f8d4-c00b-4e3eabd7b793",
            "capacity_type": "ON_DEMAND",
            "cluster_name": "eks_cluster",
            "disk_size": 20,
            "force_update_version": null,
            "id": "eks_cluster:my-eks-node-group",
            "instance_types": [
              "t3.large"
            ],
            "labels": null,
            "launch_template": [],
            "node_group_name": "my-eks-node-group",
            "node_group_name_prefix": "",
            "node_role_arn": "arn:aws:iam::881329308612:role/ddjoricEKSWorkerNodeRole",
            "release_version": "1.30.0-20240703",
            "remote_access": [],
            "resources": [
              {
                "autoscaling_groups": [
                  {
                    "name": "eks-my-eks-node-group-ccc86fc8-63b4-f8d4-c00b-4e3eabd7b793"
                  }
                ],
                "remote_access_security_group_id": ""
              }
            ],
            "scaling_config": [
              {
                "desired_size": 1,
                "max_size": 1,
                "min_size": 1
              }
            ],
            "status": "ACTIVE",
            "subnet_ids": [
              "subnet-058e637a09ae2ebf2",
              "subnet-082bafb97c8bcc141"
            ],
            "tags": null,
            "tags_all": {},
            "taint": [],
            "timeouts": null,
            "update_config": [
              {
                "max_unavailable": 1,
                "max_unavailable_percentage": 0
              }
            ],
            "version": "1.30"
          },
          "sensitive_attributes": [],
          "private": "eyJlMmJmYjczMC1lY2FhLTExZTYtOGY4OC0zNDM2M2JjN2M0YzAiOnsiY3JlYXRlIjozNjAwMDAwMDAwMDAwLCJkZWxldGUiOjM2MDAwMDAwMDAwMDAsInVwZGF0ZSI6MzYwMDAwMDAwMDAwMH19",
          "dependencies": [
            "aws_eks_cluster.eks_cluster",
            "aws_subnet.eks_subnet_a",
            "aws_subnet.eks_subnet_b",
            "aws_vpc.main"
          ]
        }
      ]
    },
    {
      "mode": "managed",
      "type": "aws_iam_instance_profile",
      "name": "existing_instance_profile",
      "provider": "provider[\"registry.terraform.io/hashicorp/aws\"]",
      "instances": [
        {
          "schema_version": 0,
          "attributes": {
            "arn": "arn:aws:iam::881329308612:instance-profile/existing_instance_profile",
            "create_date": "2024-07-23T12:21:55Z",
            "id": "existing_instance_profile",
            "name": "existing_instance_profile",
            "name_prefix": "",
            "path": "/",
            "role": "rfiser_SSMforEC2",
            "tags": null,
            "tags_all": {},
            "unique_id": "AIPA42M2SAPCOJZ4TWUV7"
          },
          "sensitive_attributes": [],
          "private": "bnVsbA=="
        }
      ]
    },
    {
      "mode": "managed",
      "type": "aws_instance",
      "name": "jenkins",
      "provider": "provider[\"registry.terraform.io/hashicorp/aws\"]",
      "instances": [
        {
          "schema_version": 1,
          "attributes": {
            "ami": "ami-08012c0a9ee8e21c4",
            "arn": "arn:aws:ec2:us-west-1:881329308612:instance/i-0cb1c355ce2498041",
            "associate_public_ip_address": true,
            "availability_zone": "us-west-1a",
            "capacity_reservation_specification": [
              {
                "capacity_reservation_preference": "open",
                "capacity_reservation_target": []
              }
            ],
            "cpu_core_count": 1,
            "cpu_options": [
              {
                "amd_sev_snp": "",
                "core_count": 1,
                "threads_per_core": 2
              }
            ],
            "cpu_threads_per_core": 2,
            "credit_specification": [
              {
                "cpu_credits": "unlimited"
              }
            ],
            "disable_api_stop": false,
            "disable_api_termination": false,
            "ebs_block_device": [],
            "ebs_optimized": false,
            "enclave_options": [
              {
                "enabled": false
              }
            ],
            "ephemeral_block_device": [],
            "get_password_data": false,
            "hibernation": false,
            "host_id": "",
            "host_resource_group_arn": null,
            "iam_instance_profile": "existing_instance_profile",
            "id": "i-0cb1c355ce2498041",
            "instance_initiated_shutdown_behavior": "stop",
            "instance_lifecycle": "",
            "instance_market_options": [],
            "instance_state": "running",
            "instance_type": "t3.small",
            "ipv6_address_count": 0,
            "ipv6_addresses": [],
            "key_name": "surya_keypair",
            "launch_template": [],
            "maintenance_options": [
              {
                "auto_recovery": "default"
              }
            ],
            "metadata_options": [
              {
                "http_endpoint": "enabled",
                "http_protocol_ipv6": "disabled",
                "http_put_response_hop_limit": 2,
                "http_tokens": "required",
                "instance_metadata_tags": "disabled"
              }
            ],
            "monitoring": false,
            "network_interface": [],
            "outpost_arn": "",
            "password_data": "",
            "placement_group": "",
            "placement_partition_number": 0,
            "primary_network_interface_id": "eni-04af170cd81662b2e",
            "private_dns": "ip-172-31-10-155.us-west-1.compute.internal",
            "private_dns_name_options": [
              {
                "enable_resource_name_dns_a_record": false,
                "enable_resource_name_dns_aaaa_record": false,
                "hostname_type": "ip-name"
              }
            ],
            "private_ip": "172.31.10.155",
            "public_dns": "ec2-54-183-210-9.us-west-1.compute.amazonaws.com",
            "public_ip": "54.183.210.9",
            "root_block_device": [
              {
                "delete_on_termination": true,
                "device_name": "/dev/sda1",
                "encrypted": false,
                "iops": 3000,
                "kms_key_id": "",
                "tags": {},
                "tags_all": {},
                "throughput": 125,
                "volume_id": "vol-03438391dbf381670",
                "volume_size": 8,
                "volume_type": "gp3"
              }
            ],
            "secondary_private_ips": [],
            "security_groups": [
              "jenkins-sg-test"
            ],
            "source_dest_check": true,
            "spot_instance_request_id": "",
            "subnet_id": "subnet-d338cd89",
            "tags": {
              "Name": "Jenkins Server"
            },
            "tags_all": {
              "Name": "Jenkins Server"
            },
            "tenancy": "default",
            "timeouts": null,
            "user_data": null,
            "user_data_base64": null,
            "user_data_replace_on_change": false,
            "volume_tags": null,
            "vpc_security_group_ids": [
              "sg-014485d99be9f1e2a"
            ]
          },
          "sensitive_attributes": [],
          "private": "eyJlMmJmYjczMC1lY2FhLTExZTYtOGY4OC0zNDM2M2JjN2M0YzAiOnsiY3JlYXRlIjo2MDAwMDAwMDAwMDAsImRlbGV0ZSI6MTIwMDAwMDAwMDAwMCwicmVhZCI6OTAwMDAwMDAwMDAwLCJ1cGRhdGUiOjYwMDAwMDAwMDAwMH0sInNjaGVtYV92ZXJzaW9uIjoiMSJ9",
          "dependencies": [
            "aws_eks_cluster.eks_cluster",
            "aws_iam_instance_profile.existing_instance_profile",
            "aws_key_pair.surya_keypair",
            "aws_security_group.jenkins_sg-test",
            "aws_subnet.eks_subnet_a",
            "aws_subnet.eks_subnet_b",
            "aws_vpc.main"
          ]
        }
      ]
    },
    {
      "mode": "managed",
      "type": "aws_internet_gateway",
      "name": "eks_igw",
      "provider": "provider[\"registry.terraform.io/hashicorp/aws\"]",
      "instances": [
        {
          "schema_version": 0,
          "attributes": {
            "arn": "arn:aws:ec2:us-west-1:881329308612:internet-gateway/igw-0dd4ac0d10a01e288",
            "id": "igw-0dd4ac0d10a01e288",
            "owner_id": "881329308612",
            "tags": {
              "Name": "Surya-eks-igw"
            },
            "tags_all": {
              "Name": "Surya-eks-igw"
            },
            "timeouts": null,
            "vpc_id": "vpc-07fb72ab50cd4660f"
          },
          "sensitive_attributes": [],
          "private": "eyJlMmJmYjczMC1lY2FhLTExZTYtOGY4OC0zNDM2M2JjN2M0YzAiOnsiY3JlYXRlIjoxMjAwMDAwMDAwMDAwLCJkZWxldGUiOjEyMDAwMDAwMDAwMDAsInVwZGF0ZSI6MTIwMDAwMDAwMDAwMH19",
          "dependencies": [
            "aws_vpc.main"
          ]
        }
      ]
    },
    {
      "mode": "managed",
      "type": "aws_key_pair",
      "name": "surya_keypair",
      "provider": "provider[\"registry.terraform.io/hashicorp/aws\"]",
      "instances": [
        {
          "schema_version": 1,
          "attributes": {
            "arn": "arn:aws:ec2:us-west-1:881329308612:key-pair/surya_keypair",
            "fingerprint": "0d:6f:be:55:ee:27:f6:08:78:b3:3b:da:26:84:1f:af",
            "id": "surya_keypair",
            "key_name": "surya_keypair",
            "key_name_prefix": "",
            "key_pair_id": "key-0265718ec4db84819",
            "key_type": "rsa",
            "public_key": "ssh-rsa AAAAB3NzaC1yc2EAAAADAQABAAABAQC933xJPTQHEVoxDn6tVmQQShLuulV1xbaY1d1BRGXws4/DSjXmfv0P5vsAWHRwpHT5+vzFy5zfI7AO5qGfh57Z3ZZ/ig+Bpo952F0+nza06nNF4NRoRkcnDpkIl6aT6g3wHIFLL1/kLI4fA93nIxZTtkk2gI0IhHt/1r/eDhMi66k4H4YMx8jmUa6vlLhwkOeXmykLIaLBIwL2E+egCOSxF8YlkfjqEvSPv4N0ACX4wpqXeCvEyvktgOIyXhv33MhbypPxdhnMvqg/oI4XRFZNIJVhnQZDWzT5DNu82ztvQBkU7/6pidv99jRbsd3NGAd7mpmmUhlvR6jIHMAtRah7 root@ip-172-31-14-212",
            "tags": null,
            "tags_all": {}
          },
          "sensitive_attributes": [],
          "private": "eyJzY2hlbWFfdmVyc2lvbiI6IjEifQ=="
        }
      ]
    },
    {
      "mode": "managed",
      "type": "aws_route_table",
      "name": "eks_route_table",
      "provider": "provider[\"registry.terraform.io/hashicorp/aws\"]",
      "instances": [
        {
          "schema_version": 0,
          "attributes": {
            "arn": "arn:aws:ec2:us-west-1:881329308612:route-table/rtb-0208e7fafb899f8bc",
            "id": "rtb-0208e7fafb899f8bc",
            "owner_id": "881329308612",
            "propagating_vgws": [],
            "route": [
              {
                "carrier_gateway_id": "",
                "cidr_block": "0.0.0.0/0",
                "core_network_arn": "",
                "destination_prefix_list_id": "",
                "egress_only_gateway_id": "",
                "gateway_id": "igw-0dd4ac0d10a01e288",
                "ipv6_cidr_block": "",
                "local_gateway_id": "",
                "nat_gateway_id": "",
                "network_interface_id": "",
                "transit_gateway_id": "",
                "vpc_endpoint_id": "",
                "vpc_peering_connection_id": ""
              }
            ],
            "tags": {
              "Name": "Surya-eks-route-table"
            },
            "tags_all": {
              "Name": "Surya-eks-route-table"
            },
            "timeouts": null,
            "vpc_id": "vpc-07fb72ab50cd4660f"
          },
          "sensitive_attributes": [],
          "private": "eyJlMmJmYjczMC1lY2FhLTExZTYtOGY4OC0zNDM2M2JjN2M0YzAiOnsiY3JlYXRlIjozMDAwMDAwMDAwMDAsImRlbGV0ZSI6MzAwMDAwMDAwMDAwLCJ1cGRhdGUiOjEyMDAwMDAwMDAwMH19",
          "dependencies": [
            "aws_internet_gateway.eks_igw",
            "aws_vpc.main"
          ]
        }
      ]
    },
    {
      "mode": "managed",
      "type": "aws_route_table_association",
      "name": "eks_route_table_association",
      "provider": "provider[\"registry.terraform.io/hashicorp/aws\"]",
      "instances": [
        {
          "schema_version": 0,
          "attributes": {
            "gateway_id": "",
            "id": "rtbassoc-00b2193249c5fbc72",
            "route_table_id": "rtb-0208e7fafb899f8bc",
            "subnet_id": "subnet-082bafb97c8bcc141",
            "timeouts": null
          },
          "sensitive_attributes": [],
          "private": "eyJlMmJmYjczMC1lY2FhLTExZTYtOGY4OC0zNDM2M2JjN2M0YzAiOnsiY3JlYXRlIjozMDAwMDAwMDAwMDAsImRlbGV0ZSI6MzAwMDAwMDAwMDAwLCJ1cGRhdGUiOjEyMDAwMDAwMDAwMH19",
          "dependencies": [
            "aws_internet_gateway.eks_igw",
            "aws_route_table.eks_route_table",
            "aws_subnet.eks_subnet_a",
            "aws_vpc.main"
          ]
        }
      ]
    },
    {
      "mode": "managed",
      "type": "aws_route_table_association",
      "name": "eks_route_table_association_b",
      "provider": "provider[\"registry.terraform.io/hashicorp/aws\"]",
      "instances": [
        {
          "schema_version": 0,
          "attributes": {
            "gateway_id": "",
            "id": "rtbassoc-0f18027790e785133",
            "route_table_id": "rtb-0208e7fafb899f8bc",
            "subnet_id": "subnet-058e637a09ae2ebf2",
            "timeouts": null
          },
          "sensitive_attributes": [],
          "private": "eyJlMmJmYjczMC1lY2FhLTExZTYtOGY4OC0zNDM2M2JjN2M0YzAiOnsiY3JlYXRlIjozMDAwMDAwMDAwMDAsImRlbGV0ZSI6MzAwMDAwMDAwMDAwLCJ1cGRhdGUiOjEyMDAwMDAwMDAwMH19",
          "dependencies": [
            "aws_internet_gateway.eks_igw",
            "aws_route_table.eks_route_table",
            "aws_subnet.eks_subnet_b",
            "aws_vpc.main"
          ]
        }
      ]
    },
    {
      "mode": "managed",
      "type": "aws_security_group",
      "name": "jenkins_sg-test",
      "provider": "provider[\"registry.terraform.io/hashicorp/aws\"]",
      "instances": [
        {
          "schema_version": 1,
          "attributes": {
            "arn": "arn:aws:ec2:us-west-1:881329308612:security-group/sg-014485d99be9f1e2a",
            "description": "Allow Jenkins and SSH traffic",
            "egress": [
              {
                "cidr_blocks": [
                  "0.0.0.0/0"
                ],
                "description": "",
                "from_port": 0,
                "ipv6_cidr_blocks": [],
                "prefix_list_ids": [],
                "protocol": "-1",
                "security_groups": [],
                "self": false,
                "to_port": 0
              }
            ],
            "id": "sg-014485d99be9f1e2a",
            "ingress": [
              {
                "cidr_blocks": [
                  "0.0.0.0/0"
                ],
                "description": "",
                "from_port": 22,
                "ipv6_cidr_blocks": [],
                "prefix_list_ids": [],
                "protocol": "tcp",
                "security_groups": [],
                "self": false,
                "to_port": 22
              },
              {
                "cidr_blocks": [
                  "0.0.0.0/0"
                ],
                "description": "",
                "from_port": 8080,
                "ipv6_cidr_blocks": [],
                "prefix_list_ids": [],
                "protocol": "tcp",
                "security_groups": [],
                "self": false,
                "to_port": 8080
              }
            ],
            "name": "jenkins-sg-test",
            "name_prefix": "",
            "owner_id": "881329308612",
            "revoke_rules_on_delete": false,
            "tags": null,
            "tags_all": {},
            "timeouts": null,
            "vpc_id": "vpc-4436d822"
          },
          "sensitive_attributes": [],
          "private": "eyJlMmJmYjczMC1lY2FhLTExZTYtOGY4OC0zNDM2M2JjN2M0YzAiOnsiY3JlYXRlIjo2MDAwMDAwMDAwMDAsImRlbGV0ZSI6OTAwMDAwMDAwMDAwfSwic2NoZW1hX3ZlcnNpb24iOiIxIn0="
        }
      ]
    },
    {
      "mode": "managed",
      "type": "aws_subnet",
      "name": "eks_subnet_a",
      "provider": "provider[\"registry.terraform.io/hashicorp/aws\"]",
      "instances": [
        {
          "schema_version": 1,
          "attributes": {
            "arn": "arn:aws:ec2:us-west-1:881329308612:subnet/subnet-082bafb97c8bcc141",
            "assign_ipv6_address_on_creation": false,
            "availability_zone": "us-west-1a",
            "availability_zone_id": "usw1-az3",
            "cidr_block": "10.0.1.0/24",
            "customer_owned_ipv4_pool": "",
            "enable_dns64": false,
            "enable_lni_at_device_index": 0,
            "enable_resource_name_dns_a_record_on_launch": false,
            "enable_resource_name_dns_aaaa_record_on_launch": false,
            "id": "subnet-082bafb97c8bcc141",
            "ipv6_cidr_block": "",
            "ipv6_cidr_block_association_id": "",
            "ipv6_native": false,
            "map_customer_owned_ip_on_launch": false,
            "map_public_ip_on_launch": true,
            "outpost_arn": "",
            "owner_id": "881329308612",
            "private_dns_hostname_type_on_launch": "ip-name",
            "tags": {
              "Name": "Surya-eks-subnet-a"
            },
            "tags_all": {
              "Name": "Surya-eks-subnet-a"
            },
            "timeouts": null,
            "vpc_id": "vpc-07fb72ab50cd4660f"
          },
          "sensitive_attributes": [],
          "private": "eyJlMmJmYjczMC1lY2FhLTExZTYtOGY4OC0zNDM2M2JjN2M0YzAiOnsiY3JlYXRlIjo2MDAwMDAwMDAwMDAsImRlbGV0ZSI6MTIwMDAwMDAwMDAwMH0sInNjaGVtYV92ZXJzaW9uIjoiMSJ9",
          "dependencies": [
            "aws_vpc.main"
          ]
        }
      ]
    },
    {
      "mode": "managed",
      "type": "aws_subnet",
      "name": "eks_subnet_b",
      "provider": "provider[\"registry.terraform.io/hashicorp/aws\"]",
      "instances": [
        {
          "schema_version": 1,
          "attributes": {
            "arn": "arn:aws:ec2:us-west-1:881329308612:subnet/subnet-058e637a09ae2ebf2",
            "assign_ipv6_address_on_creation": false,
            "availability_zone": "us-west-1b",
            "availability_zone_id": "usw1-az1",
            "cidr_block": "10.0.2.0/24",
            "customer_owned_ipv4_pool": "",
            "enable_dns64": false,
            "enable_lni_at_device_index": 0,
            "enable_resource_name_dns_a_record_on_launch": false,
            "enable_resource_name_dns_aaaa_record_on_launch": false,
            "id": "subnet-058e637a09ae2ebf2",
            "ipv6_cidr_block": "",
            "ipv6_cidr_block_association_id": "",
            "ipv6_native": false,
            "map_customer_owned_ip_on_launch": false,
            "map_public_ip_on_launch": true,
            "outpost_arn": "",
            "owner_id": "881329308612",
            "private_dns_hostname_type_on_launch": "ip-name",
            "tags": {
              "Name": "Surya-eks-subnet-b"
            },
            "tags_all": {
              "Name": "Surya-eks-subnet-b"
            },
            "timeouts": null,
            "vpc_id": "vpc-07fb72ab50cd4660f"
          },
          "sensitive_attributes": [],
          "private": "eyJlMmJmYjczMC1lY2FhLTExZTYtOGY4OC0zNDM2M2JjN2M0YzAiOnsiY3JlYXRlIjo2MDAwMDAwMDAwMDAsImRlbGV0ZSI6MTIwMDAwMDAwMDAwMH0sInNjaGVtYV92ZXJzaW9uIjoiMSJ9",
          "dependencies": [
            "aws_vpc.main"
          ]
        }
      ]
    },
    {
      "mode": "managed",
      "type": "aws_vpc",
      "name": "main",
      "provider": "provider[\"registry.terraform.io/hashicorp/aws\"]",
      "instances": [
        {
          "schema_version": 1,
          "attributes": {
            "arn": "arn:aws:ec2:us-west-1:881329308612:vpc/vpc-07fb72ab50cd4660f",
            "assign_generated_ipv6_cidr_block": false,
            "cidr_block": "10.0.0.0/16",
            "default_network_acl_id": "acl-0ed0263a0c606253b",
            "default_route_table_id": "rtb-05f6f674f396ed802",
            "default_security_group_id": "sg-04e84579af1d5099f",
            "dhcp_options_id": "dopt-5e2e3739",
            "enable_dns_hostnames": false,
            "enable_dns_support": true,
            "enable_network_address_usage_metrics": false,
            "id": "vpc-07fb72ab50cd4660f",
            "instance_tenancy": "default",
            "ipv4_ipam_pool_id": null,
            "ipv4_netmask_length": null,
            "ipv6_association_id": "",
            "ipv6_cidr_block": "",
            "ipv6_cidr_block_network_border_group": "",
            "ipv6_ipam_pool_id": "",
            "ipv6_netmask_length": 0,
            "main_route_table_id": "rtb-05f6f674f396ed802",
            "owner_id": "881329308612",
            "tags": {
              "Name": "Surya-main-vpc"
            },
            "tags_all": {
              "Name": "Surya-main-vpc"
            }
          },
          "sensitive_attributes": [],
          "private": "eyJzY2hlbWFfdmVyc2lvbiI6IjEifQ=="
        }
      ]
    }
  ],
  "check_results": null
}
